# This file is autogenerated, do not edit; changes may be undone by the next 'dep ensure'.


[[projects]]
  digest = "1:184008c955d6a3226b700c13ed0e875a7a051a759618f9bccba9b5c99f17faa5"
  name = "github.com/eclipse/paho.mqtt.golang"
  packages = [
    ".",
    "packets",
  ]
  pruneopts = "UT"
  revision = "36d01c2b4cbeb3d2a12063e4880ce30800af9560"
  version = "v1.1.1"

[[projects]]
  branch = "master"
  digest = "1:81300ae1ca6cc5bc6c5096564ff1efcca7ce445e3fe0f7e9053b1f41557b3a28"
  name = "github.com/goburrow/modbus"
  packages = ["."]
  pruneopts = "UT"
  revision = "0d0a427beb37599ff34f8d74617af5ac403e9700"

[[projects]]
  branch = "master"
  digest = "1:55b9bfea531b22ab4cb06aafad9e3faa15ee92b3f9c46625cf9ca445b3ccac7f"
  name = "github.com/goburrow/serial"
  packages = ["."]
  pruneopts = "UT"
  revision = "5efbe925ecf714f8ba147bf2226f2e7afc7111bc"

[[projects]]
  branch = "master"
  digest = "1:ece338c951f4410f9ea21b56ea12f933ffb085672fe868ab57254d1536f384f7"
  name = "golang.org/x/net"
  packages = [
    "internal/socks",
    "proxy",
    "websocket",
  ]
  pruneopts = "UT"
  revision = "aaf60122140d3fcf75376d319f0554393160eb50"

[solve-meta]
  analyzer-name = "dep"
  analyzer-version = 1
  input-imports = [
    "github.com/eclipse/paho.mqtt.golang",
    "github.com/goburrow/modbus",
  ]
  solver-name = "gps-cdcl"
  solver-version = 1
